
Microsoft Visual Studio Solution File, Format Version 12.00
# Visual Studio Version 16
VisualStudioVersion = 16.0.31019.35
MinimumVisualStudioVersion = 10.0.40219.1
Project("{FAE04EC0-301F-11D3-BF4B-00C04F79EFBC}") = "Chap10App", "Chap10App\Chap10App.csproj", "{03E5AEDF-0548-4BB5-B623-6121E1853725}"
EndProject
Project("{FAE04EC0-301F-11D3-BF4B-00C04F79EFBC}") = "2DegreeArrayApp", "2DegreeArrayApp\2DegreeArrayApp.csproj", "{9CF5371F-F97D-4034-BC04-00D692ACDD78}"
EndProject
Global
	GlobalSection(SolutionConfigurationPlatforms) = preSolution
		Debug|Any CPU = Debug|Any CPU
		Release|Any CPU = Release|Any CPU
	EndGlobalSection
	GlobalSection(ProjectConfigurationPlatforms) = postSolution
		{03E5AEDF-0548-4BB5-B623-6121E1853725}.Debug|Any CPU.ActiveCfg = Debug|Any CPU
		{03E5AEDF-0548-4BB5-B623-6121E1853725}.Debug|Any CPU.Build.0 = Debug|Any CPU
		{03E5AEDF-0548-4BB5-B623-6121E1853725}.Release|Any CPU.ActiveCfg = Release|Any CPU
		{03E5AEDF-0548-4BB5-B623-6121E1853725}.Release|Any CPU.Build.0 = Release|Any CPU
		{9CF5371F-F97D-4034-BC04-00D692ACDD78}.Debug|Any CPU.ActiveCfg = Debug|Any CPU
		{9CF5371F-F97D-4034-BC04-00D692ACDD78}.Debug|Any CPU.Build.0 = Debug|Any CPU
		{9CF5371F-F97D-4034-BC04-00D692ACDD78}.Release|Any CPU.ActiveCfg = Release|Any CPU
		{9CF5371F-F97D-4034-BC04-00D692ACDD78}.Release|Any CPU.Build.0 = Release|Any CPU
	EndGlobalSection
	GlobalSection(SolutionProperties) = preSolution
		HideSolutionNode = FALSE
	EndGlobalSection
	GlobalSection(ExtensibilityGlobals) = postSolution
		SolutionGuid = {72BB6E04-00A6-4A72-A38D-DDA859B89285}
	EndGlobalSection
EndGlobal
