
Microsoft Visual Studio Solution File, Format Version 12.00
# Visual Studio Version 16
VisualStudioVersion = 16.0.31019.35
MinimumVisualStudioVersion = 10.0.40219.1
Project("{FAE04EC0-301F-11D3-BF4B-00C04F79EFBC}") = "Chap12App", "Chap12App\Chap12App.csproj", "{29603B40-3677-486D-A081-5237A1CA6054}"
EndProject
Project("{FAE04EC0-301F-11D3-BF4B-00C04F79EFBC}") = "TryCatchApp", "TryCatchApp\TryCatchApp.csproj", "{9BDCD972-2BB0-4665-B973-7FCCD8210FB6}"
EndProject
Project("{FAE04EC0-301F-11D3-BF4B-00C04F79EFBC}") = "ExceptionThrowApp", "ExceptionThrowApp\ExceptionThrowApp.csproj", "{E2238D47-7439-4B77-9142-D4C9D7F36313}"
EndProject
Project("{FAE04EC0-301F-11D3-BF4B-00C04F79EFBC}") = "TryCatchFinallyApp", "TryCatchFinallyApp\TryCatchFinallyApp.csproj", "{2C4DBC2E-20AC-4557-B5D3-DE1554A3205A}"
EndProject
Global
	GlobalSection(SolutionConfigurationPlatforms) = preSolution
		Debug|Any CPU = Debug|Any CPU
		Release|Any CPU = Release|Any CPU
	EndGlobalSection
	GlobalSection(ProjectConfigurationPlatforms) = postSolution
		{29603B40-3677-486D-A081-5237A1CA6054}.Debug|Any CPU.ActiveCfg = Debug|Any CPU
		{29603B40-3677-486D-A081-5237A1CA6054}.Debug|Any CPU.Build.0 = Debug|Any CPU
		{29603B40-3677-486D-A081-5237A1CA6054}.Release|Any CPU.ActiveCfg = Release|Any CPU
		{29603B40-3677-486D-A081-5237A1CA6054}.Release|Any CPU.Build.0 = Release|Any CPU
		{9BDCD972-2BB0-4665-B973-7FCCD8210FB6}.Debug|Any CPU.ActiveCfg = Debug|Any CPU
		{9BDCD972-2BB0-4665-B973-7FCCD8210FB6}.Debug|Any CPU.Build.0 = Debug|Any CPU
		{9BDCD972-2BB0-4665-B973-7FCCD8210FB6}.Release|Any CPU.ActiveCfg = Release|Any CPU
		{9BDCD972-2BB0-4665-B973-7FCCD8210FB6}.Release|Any CPU.Build.0 = Release|Any CPU
		{E2238D47-7439-4B77-9142-D4C9D7F36313}.Debug|Any CPU.ActiveCfg = Debug|Any CPU
		{E2238D47-7439-4B77-9142-D4C9D7F36313}.Debug|Any CPU.Build.0 = Debug|Any CPU
		{E2238D47-7439-4B77-9142-D4C9D7F36313}.Release|Any CPU.ActiveCfg = Release|Any CPU
		{E2238D47-7439-4B77-9142-D4C9D7F36313}.Release|Any CPU.Build.0 = Release|Any CPU
		{2C4DBC2E-20AC-4557-B5D3-DE1554A3205A}.Debug|Any CPU.ActiveCfg = Debug|Any CPU
		{2C4DBC2E-20AC-4557-B5D3-DE1554A3205A}.Debug|Any CPU.Build.0 = Debug|Any CPU
		{2C4DBC2E-20AC-4557-B5D3-DE1554A3205A}.Release|Any CPU.ActiveCfg = Release|Any CPU
		{2C4DBC2E-20AC-4557-B5D3-DE1554A3205A}.Release|Any CPU.Build.0 = Release|Any CPU
	EndGlobalSection
	GlobalSection(SolutionProperties) = preSolution
		HideSolutionNode = FALSE
	EndGlobalSection
	GlobalSection(ExtensibilityGlobals) = postSolution
		SolutionGuid = {4CC0CBA7-B5B6-4893-8B6B-0DEE8839A1CF}
	EndGlobalSection
EndGlobal
