
Microsoft Visual Studio Solution File, Format Version 12.00
# Visual Studio Version 16
VisualStudioVersion = 16.0.31019.35
MinimumVisualStudioVersion = 10.0.40219.1
Project("{FAE04EC0-301F-11D3-BF4B-00C04F79EFBC}") = "Chap13App", "Chap13App\Chap13App.csproj", "{BC838092-5685-44F5-B6D5-B4CB4B2C87E2}"
EndProject
Project("{9A19103F-16F7-4668-BE54-9A1E7A4F7556}") = "CallbackTestApp", "CallbackTestApp\CallbackTestApp.csproj", "{03300B53-5852-4D4A-8F79-316A72280DAA}"
EndProject
Project("{9A19103F-16F7-4668-BE54-9A1E7A4F7556}") = "DelegateChainApp", "DelegateChainApp\DelegateChainApp.csproj", "{29C8D0BD-DC30-4E02-8861-D4963120150D}"
EndProject
Project("{FAE04EC0-301F-11D3-BF4B-00C04F79EFBC}") = "DelegateChain2App", "DelegateChain2App\DelegateChain2App.csproj", "{DBF78DB4-33A5-49AC-B6F7-05AD3C298A20}"
EndProject
Project("{FAE04EC0-301F-11D3-BF4B-00C04F79EFBC}") = "UsingEventApp", "UsingEventApp\UsingEventApp.csproj", "{A22122F0-2CE4-4DDD-B0D0-EA7801C3F8DE}"
EndProject
Global
	GlobalSection(SolutionConfigurationPlatforms) = preSolution
		Debug|Any CPU = Debug|Any CPU
		Release|Any CPU = Release|Any CPU
	EndGlobalSection
	GlobalSection(ProjectConfigurationPlatforms) = postSolution
		{BC838092-5685-44F5-B6D5-B4CB4B2C87E2}.Debug|Any CPU.ActiveCfg = Debug|Any CPU
		{BC838092-5685-44F5-B6D5-B4CB4B2C87E2}.Debug|Any CPU.Build.0 = Debug|Any CPU
		{BC838092-5685-44F5-B6D5-B4CB4B2C87E2}.Release|Any CPU.ActiveCfg = Release|Any CPU
		{BC838092-5685-44F5-B6D5-B4CB4B2C87E2}.Release|Any CPU.Build.0 = Release|Any CPU
		{03300B53-5852-4D4A-8F79-316A72280DAA}.Debug|Any CPU.ActiveCfg = Debug|Any CPU
		{03300B53-5852-4D4A-8F79-316A72280DAA}.Debug|Any CPU.Build.0 = Debug|Any CPU
		{03300B53-5852-4D4A-8F79-316A72280DAA}.Release|Any CPU.ActiveCfg = Release|Any CPU
		{03300B53-5852-4D4A-8F79-316A72280DAA}.Release|Any CPU.Build.0 = Release|Any CPU
		{29C8D0BD-DC30-4E02-8861-D4963120150D}.Debug|Any CPU.ActiveCfg = Debug|Any CPU
		{29C8D0BD-DC30-4E02-8861-D4963120150D}.Debug|Any CPU.Build.0 = Debug|Any CPU
		{29C8D0BD-DC30-4E02-8861-D4963120150D}.Release|Any CPU.ActiveCfg = Release|Any CPU
		{29C8D0BD-DC30-4E02-8861-D4963120150D}.Release|Any CPU.Build.0 = Release|Any CPU
		{DBF78DB4-33A5-49AC-B6F7-05AD3C298A20}.Debug|Any CPU.ActiveCfg = Debug|Any CPU
		{DBF78DB4-33A5-49AC-B6F7-05AD3C298A20}.Debug|Any CPU.Build.0 = Debug|Any CPU
		{DBF78DB4-33A5-49AC-B6F7-05AD3C298A20}.Release|Any CPU.ActiveCfg = Release|Any CPU
		{DBF78DB4-33A5-49AC-B6F7-05AD3C298A20}.Release|Any CPU.Build.0 = Release|Any CPU
		{A22122F0-2CE4-4DDD-B0D0-EA7801C3F8DE}.Debug|Any CPU.ActiveCfg = Debug|Any CPU
		{A22122F0-2CE4-4DDD-B0D0-EA7801C3F8DE}.Debug|Any CPU.Build.0 = Debug|Any CPU
		{A22122F0-2CE4-4DDD-B0D0-EA7801C3F8DE}.Release|Any CPU.ActiveCfg = Release|Any CPU
		{A22122F0-2CE4-4DDD-B0D0-EA7801C3F8DE}.Release|Any CPU.Build.0 = Release|Any CPU
	EndGlobalSection
	GlobalSection(SolutionProperties) = preSolution
		HideSolutionNode = FALSE
	EndGlobalSection
	GlobalSection(ExtensibilityGlobals) = postSolution
		SolutionGuid = {65274A28-21F1-4B58-B3D4-D87B6B243740}
	EndGlobalSection
EndGlobal
