
Microsoft Visual Studio Solution File, Format Version 12.00
# Visual Studio Version 16
VisualStudioVersion = 16.0.30907.101
MinimumVisualStudioVersion = 10.0.40219.1
Project("{FAE04EC0-301F-11D3-BF4B-00C04F79EFBC}") = "Chap05App", "Chap05App\Chap05App.csproj", "{490B845A-E1AC-42C8-A10F-7B06A44E5D60}"
EndProject
Project("{FAE04EC0-301F-11D3-BF4B-00C04F79EFBC}") = "SwitchTestApp", "SwitchTestApp\SwitchTestApp.csproj", "{D9E0D6C9-26EF-4731-9D32-C0FBC3A7CD57}"
EndProject
Project("{FAE04EC0-301F-11D3-BF4B-00C04F79EFBC}") = "LoopTestApp", "LoopTestApp\LoopTestApp.csproj", "{B673CDAF-728C-47F7-A7B1-5974E9444040}"
EndProject
Global
	GlobalSection(SolutionConfigurationPlatforms) = preSolution
		Debug|Any CPU = Debug|Any CPU
		Release|Any CPU = Release|Any CPU
	EndGlobalSection
	GlobalSection(ProjectConfigurationPlatforms) = postSolution
		{490B845A-E1AC-42C8-A10F-7B06A44E5D60}.Debug|Any CPU.ActiveCfg = Debug|Any CPU
		{490B845A-E1AC-42C8-A10F-7B06A44E5D60}.Debug|Any CPU.Build.0 = Debug|Any CPU
		{490B845A-E1AC-42C8-A10F-7B06A44E5D60}.Release|Any CPU.ActiveCfg = Release|Any CPU
		{490B845A-E1AC-42C8-A10F-7B06A44E5D60}.Release|Any CPU.Build.0 = Release|Any CPU
		{D9E0D6C9-26EF-4731-9D32-C0FBC3A7CD57}.Debug|Any CPU.ActiveCfg = Debug|Any CPU
		{D9E0D6C9-26EF-4731-9D32-C0FBC3A7CD57}.Debug|Any CPU.Build.0 = Debug|Any CPU
		{D9E0D6C9-26EF-4731-9D32-C0FBC3A7CD57}.Release|Any CPU.ActiveCfg = Release|Any CPU
		{D9E0D6C9-26EF-4731-9D32-C0FBC3A7CD57}.Release|Any CPU.Build.0 = Release|Any CPU
		{B673CDAF-728C-47F7-A7B1-5974E9444040}.Debug|Any CPU.ActiveCfg = Debug|Any CPU
		{B673CDAF-728C-47F7-A7B1-5974E9444040}.Debug|Any CPU.Build.0 = Debug|Any CPU
		{B673CDAF-728C-47F7-A7B1-5974E9444040}.Release|Any CPU.ActiveCfg = Release|Any CPU
		{B673CDAF-728C-47F7-A7B1-5974E9444040}.Release|Any CPU.Build.0 = Release|Any CPU
	EndGlobalSection
	GlobalSection(SolutionProperties) = preSolution
		HideSolutionNode = FALSE
	EndGlobalSection
	GlobalSection(ExtensibilityGlobals) = postSolution
		SolutionGuid = {D0A71250-2A59-4EB5-8541-6094D04A98CF}
	EndGlobalSection
EndGlobal
