
Microsoft Visual Studio Solution File, Format Version 12.00
# Visual Studio Version 16
VisualStudioVersion = 16.0.30907.101
MinimumVisualStudioVersion = 10.0.40219.1
Project("{FAE04EC0-301F-11D3-BF4B-00C04F79EFBC}") = "Chap05App", "Chap05App\Chap05App.csproj", "{490B845A-E1AC-42C8-A10F-7B06A44E5D60}"
EndProject
Project("{FAE04EC0-301F-11D3-BF4B-00C04F79EFBC}") = "SwitchTestApp", "SwitchTestApp\SwitchTestApp.csproj", "{D9E0D6C9-26EF-4731-9D32-C0FBC3A7CD57}"
EndProject
Project("{FAE04EC0-301F-11D3-BF4B-00C04F79EFBC}") = "LoopTestApp", "LoopTestApp\LoopTestApp.csproj", "{B673CDAF-728C-47F7-A7B1-5974E9444040}"
EndProject
Project("{FAE04EC0-301F-11D3-BF4B-00C04F79EFBC}") = "StarTestApp", "StarTestApp\StarTestApp.csproj", "{4C413C56-4740-4F02-B505-B2897B53A708}"
EndProject
Project("{FAE04EC0-301F-11D3-BF4B-00C04F79EFBC}") = "ForeachTestApp", "ForeachTestApp\ForeachTestApp.csproj", "{E26B63AD-A503-442B-9BDE-86CC12BB7BAC}"
EndProject
Project("{FAE04EC0-301F-11D3-BF4B-00C04F79EFBC}") = "InfiniteLoopApp", "InfiniteLoopApp\InfiniteLoopApp.csproj", "{CC091FC5-EC08-4AC3-B67E-FC33C2704DC2}"
EndProject
Project("{FAE04EC0-301F-11D3-BF4B-00C04F79EFBC}") = "JumpTestApp", "JumpTestApp\JumpTestApp.csproj", "{68347459-503E-4E13-B547-C8744FA361C9}"
EndProject
Global
	GlobalSection(SolutionConfigurationPlatforms) = preSolution
		Debug|Any CPU = Debug|Any CPU
		Release|Any CPU = Release|Any CPU
	EndGlobalSection
	GlobalSection(ProjectConfigurationPlatforms) = postSolution
		{490B845A-E1AC-42C8-A10F-7B06A44E5D60}.Debug|Any CPU.ActiveCfg = Debug|Any CPU
		{490B845A-E1AC-42C8-A10F-7B06A44E5D60}.Debug|Any CPU.Build.0 = Debug|Any CPU
		{490B845A-E1AC-42C8-A10F-7B06A44E5D60}.Release|Any CPU.ActiveCfg = Release|Any CPU
		{490B845A-E1AC-42C8-A10F-7B06A44E5D60}.Release|Any CPU.Build.0 = Release|Any CPU
		{D9E0D6C9-26EF-4731-9D32-C0FBC3A7CD57}.Debug|Any CPU.ActiveCfg = Debug|Any CPU
		{D9E0D6C9-26EF-4731-9D32-C0FBC3A7CD57}.Debug|Any CPU.Build.0 = Debug|Any CPU
		{D9E0D6C9-26EF-4731-9D32-C0FBC3A7CD57}.Release|Any CPU.ActiveCfg = Release|Any CPU
		{D9E0D6C9-26EF-4731-9D32-C0FBC3A7CD57}.Release|Any CPU.Build.0 = Release|Any CPU
		{B673CDAF-728C-47F7-A7B1-5974E9444040}.Debug|Any CPU.ActiveCfg = Debug|Any CPU
		{B673CDAF-728C-47F7-A7B1-5974E9444040}.Debug|Any CPU.Build.0 = Debug|Any CPU
		{B673CDAF-728C-47F7-A7B1-5974E9444040}.Release|Any CPU.ActiveCfg = Release|Any CPU
		{B673CDAF-728C-47F7-A7B1-5974E9444040}.Release|Any CPU.Build.0 = Release|Any CPU
		{4C413C56-4740-4F02-B505-B2897B53A708}.Debug|Any CPU.ActiveCfg = Debug|Any CPU
		{4C413C56-4740-4F02-B505-B2897B53A708}.Debug|Any CPU.Build.0 = Debug|Any CPU
		{4C413C56-4740-4F02-B505-B2897B53A708}.Release|Any CPU.ActiveCfg = Release|Any CPU
		{4C413C56-4740-4F02-B505-B2897B53A708}.Release|Any CPU.Build.0 = Release|Any CPU
		{E26B63AD-A503-442B-9BDE-86CC12BB7BAC}.Debug|Any CPU.ActiveCfg = Debug|Any CPU
		{E26B63AD-A503-442B-9BDE-86CC12BB7BAC}.Debug|Any CPU.Build.0 = Debug|Any CPU
		{E26B63AD-A503-442B-9BDE-86CC12BB7BAC}.Release|Any CPU.ActiveCfg = Release|Any CPU
		{E26B63AD-A503-442B-9BDE-86CC12BB7BAC}.Release|Any CPU.Build.0 = Release|Any CPU
		{CC091FC5-EC08-4AC3-B67E-FC33C2704DC2}.Debug|Any CPU.ActiveCfg = Debug|Any CPU
		{CC091FC5-EC08-4AC3-B67E-FC33C2704DC2}.Debug|Any CPU.Build.0 = Debug|Any CPU
		{CC091FC5-EC08-4AC3-B67E-FC33C2704DC2}.Release|Any CPU.ActiveCfg = Release|Any CPU
		{CC091FC5-EC08-4AC3-B67E-FC33C2704DC2}.Release|Any CPU.Build.0 = Release|Any CPU
		{68347459-503E-4E13-B547-C8744FA361C9}.Debug|Any CPU.ActiveCfg = Debug|Any CPU
		{68347459-503E-4E13-B547-C8744FA361C9}.Debug|Any CPU.Build.0 = Debug|Any CPU
		{68347459-503E-4E13-B547-C8744FA361C9}.Release|Any CPU.ActiveCfg = Release|Any CPU
		{68347459-503E-4E13-B547-C8744FA361C9}.Release|Any CPU.Build.0 = Release|Any CPU
	EndGlobalSection
	GlobalSection(SolutionProperties) = preSolution
		HideSolutionNode = FALSE
	EndGlobalSection
	GlobalSection(ExtensibilityGlobals) = postSolution
		SolutionGuid = {D0A71250-2A59-4EB5-8541-6094D04A98CF}
	EndGlobalSection
EndGlobal
