
Microsoft Visual Studio Solution File, Format Version 12.00
# Visual Studio Version 16
VisualStudioVersion = 16.0.31019.35
MinimumVisualStudioVersion = 10.0.40219.1
Project("{FAE04EC0-301F-11D3-BF4B-00C04F79EFBC}") = "AddressBookApp", "AddressBookApp\AddressBookApp.csproj", "{575B0952-68C5-45DE-97D3-846CDBCB8127}"
EndProject
Global
	GlobalSection(SolutionConfigurationPlatforms) = preSolution
		Debug|Any CPU = Debug|Any CPU
		Release|Any CPU = Release|Any CPU
	EndGlobalSection
	GlobalSection(ProjectConfigurationPlatforms) = postSolution
		{575B0952-68C5-45DE-97D3-846CDBCB8127}.Debug|Any CPU.ActiveCfg = Debug|Any CPU
		{575B0952-68C5-45DE-97D3-846CDBCB8127}.Debug|Any CPU.Build.0 = Debug|Any CPU
		{575B0952-68C5-45DE-97D3-846CDBCB8127}.Release|Any CPU.ActiveCfg = Release|Any CPU
		{575B0952-68C5-45DE-97D3-846CDBCB8127}.Release|Any CPU.Build.0 = Release|Any CPU
	EndGlobalSection
	GlobalSection(SolutionProperties) = preSolution
		HideSolutionNode = FALSE
	EndGlobalSection
	GlobalSection(ExtensibilityGlobals) = postSolution
		SolutionGuid = {ABCC08B4-E756-40BB-9D1E-24E209C0BFA1}
	EndGlobalSection
EndGlobal
