
Microsoft Visual Studio Solution File, Format Version 12.00
# Visual Studio Version 16
VisualStudioVersion = 16.0.31019.35
MinimumVisualStudioVersion = 10.0.40219.1
Project("{FAE04EC0-301F-11D3-BF4B-00C04F79EFBC}") = "Chap09App", "Chap09App\Chap09App.csproj", "{6F8C2222-3DC7-49D1-9B4A-9B534321722D}"
EndProject
Project("{FAE04EC0-301F-11D3-BF4B-00C04F79EFBC}") = "PropertyTestApp", "PropertyTestApp\PropertyTestApp.csproj", "{BAABB79A-AE1C-4844-A92A-145C70713702}"
EndProject
Global
	GlobalSection(SolutionConfigurationPlatforms) = preSolution
		Debug|Any CPU = Debug|Any CPU
		Release|Any CPU = Release|Any CPU
	EndGlobalSection
	GlobalSection(ProjectConfigurationPlatforms) = postSolution
		{6F8C2222-3DC7-49D1-9B4A-9B534321722D}.Debug|Any CPU.ActiveCfg = Debug|Any CPU
		{6F8C2222-3DC7-49D1-9B4A-9B534321722D}.Debug|Any CPU.Build.0 = Debug|Any CPU
		{6F8C2222-3DC7-49D1-9B4A-9B534321722D}.Release|Any CPU.ActiveCfg = Release|Any CPU
		{6F8C2222-3DC7-49D1-9B4A-9B534321722D}.Release|Any CPU.Build.0 = Release|Any CPU
		{BAABB79A-AE1C-4844-A92A-145C70713702}.Debug|Any CPU.ActiveCfg = Debug|Any CPU
		{BAABB79A-AE1C-4844-A92A-145C70713702}.Debug|Any CPU.Build.0 = Debug|Any CPU
		{BAABB79A-AE1C-4844-A92A-145C70713702}.Release|Any CPU.ActiveCfg = Release|Any CPU
		{BAABB79A-AE1C-4844-A92A-145C70713702}.Release|Any CPU.Build.0 = Release|Any CPU
	EndGlobalSection
	GlobalSection(SolutionProperties) = preSolution
		HideSolutionNode = FALSE
	EndGlobalSection
	GlobalSection(ExtensibilityGlobals) = postSolution
		SolutionGuid = {F622E4A7-2BD2-4182-B4A4-17920AEF5E93}
	EndGlobalSection
EndGlobal
