
Microsoft Visual Studio Solution File, Format Version 12.00
# Visual Studio Version 16
VisualStudioVersion = 16.0.30907.101
MinimumVisualStudioVersion = 10.0.40219.1
Project("{FAE04EC0-301F-11D3-BF4B-00C04F79EFBC}") = "Chap08App", "Chap08App\Chap08App.csproj", "{D7215E38-5FF4-4B77-A3A5-7255C2DB74D0}"
EndProject
Project("{FAE04EC0-301F-11D3-BF4B-00C04F79EFBC}") = "MultilnterfaceApp", "MultilnterfaceApp\MultilnterfaceApp.csproj", "{9F9D66A5-3B2F-4383-B7D5-BF1897A4BDC8}"
EndProject
Global
	GlobalSection(SolutionConfigurationPlatforms) = preSolution
		Debug|Any CPU = Debug|Any CPU
		Release|Any CPU = Release|Any CPU
	EndGlobalSection
	GlobalSection(ProjectConfigurationPlatforms) = postSolution
		{D7215E38-5FF4-4B77-A3A5-7255C2DB74D0}.Debug|Any CPU.ActiveCfg = Debug|Any CPU
		{D7215E38-5FF4-4B77-A3A5-7255C2DB74D0}.Debug|Any CPU.Build.0 = Debug|Any CPU
		{D7215E38-5FF4-4B77-A3A5-7255C2DB74D0}.Release|Any CPU.ActiveCfg = Release|Any CPU
		{D7215E38-5FF4-4B77-A3A5-7255C2DB74D0}.Release|Any CPU.Build.0 = Release|Any CPU
		{9F9D66A5-3B2F-4383-B7D5-BF1897A4BDC8}.Debug|Any CPU.ActiveCfg = Debug|Any CPU
		{9F9D66A5-3B2F-4383-B7D5-BF1897A4BDC8}.Debug|Any CPU.Build.0 = Debug|Any CPU
		{9F9D66A5-3B2F-4383-B7D5-BF1897A4BDC8}.Release|Any CPU.ActiveCfg = Release|Any CPU
		{9F9D66A5-3B2F-4383-B7D5-BF1897A4BDC8}.Release|Any CPU.Build.0 = Release|Any CPU
	EndGlobalSection
	GlobalSection(SolutionProperties) = preSolution
		HideSolutionNode = FALSE
	EndGlobalSection
	GlobalSection(ExtensibilityGlobals) = postSolution
		SolutionGuid = {9C882E69-F4B2-4D0B-9043-918B58B206F3}
	EndGlobalSection
EndGlobal
