
Microsoft Visual Studio Solution File, Format Version 12.00
# Visual Studio Version 16
VisualStudioVersion = 16.0.31019.35
MinimumVisualStudioVersion = 10.0.40219.1
Project("{FAE04EC0-301F-11D3-BF4B-00C04F79EFBC}") = "AddrTest", "AddrTest\AddrTest.csproj", "{17A47389-3E92-4867-9102-3339AB1F074B}"
EndProject
Global
	GlobalSection(SolutionConfigurationPlatforms) = preSolution
		Debug|Any CPU = Debug|Any CPU
		Release|Any CPU = Release|Any CPU
	EndGlobalSection
	GlobalSection(ProjectConfigurationPlatforms) = postSolution
		{17A47389-3E92-4867-9102-3339AB1F074B}.Debug|Any CPU.ActiveCfg = Debug|Any CPU
		{17A47389-3E92-4867-9102-3339AB1F074B}.Debug|Any CPU.Build.0 = Debug|Any CPU
		{17A47389-3E92-4867-9102-3339AB1F074B}.Release|Any CPU.ActiveCfg = Release|Any CPU
		{17A47389-3E92-4867-9102-3339AB1F074B}.Release|Any CPU.Build.0 = Release|Any CPU
	EndGlobalSection
	GlobalSection(SolutionProperties) = preSolution
		HideSolutionNode = FALSE
	EndGlobalSection
	GlobalSection(ExtensibilityGlobals) = postSolution
		SolutionGuid = {A6B67699-C1B9-409C-AC0A-5AB95CE7E0EA}
	EndGlobalSection
EndGlobal
